# This file is generated by running "yarn install" inside your project.
# Manual changes might be lost - proceed with caution!

__metadata:
  version: 5
  cacheKey: 8

"@types/bson@npm:*, @types/bson@npm:1.x || 4.0.x":
  version: 4.0.5
  resolution: "@types/bson@npm:4.0.5"
  dependencies:
    "@types/node": "*"
  checksum: f6c74a68eec836010170e7091399b45fe39e2f7724372441cc00a0fbd0b9f44d901688504174d558edbf220922fa0c7c52fbc4aa0f2136194fa713101b8f2ec9
  languageName: node
  linkType: hard

"@types/mongodb@npm:^3.5.27":
  version: 3.6.20
  resolution: "@types/mongodb@npm:3.6.20"
  dependencies:
    "@types/bson": "*"
    "@types/node": "*"
  checksum: e5397ada2ed728997f7c3f5424e8c28f682a635488be967c9c18a5de27b1641cf28bb42bc12026ac6d475c457a880e27097e13c8120350ba13219f4ccc030656
  languageName: node
  linkType: hard

"@types/node@npm:*":
  version: 17.0.0
  resolution: "@types/node@npm:17.0.0"
  checksum: 30970a70c2eb78dbe80613d73243c255aaa9ce057d9e8595069ca0aef0363db0af45dc0d35f445cc804576a99df2970c170130663d76cd60319b779872e92ad6
  languageName: node
  linkType: hard

"@types/object-path@npm:0.11.1":
  version: 0.11.1
  resolution: "@types/object-path@npm:0.11.1"
  checksum: 007e819d1d9dc830491b60023b1502ef1e421416d9953d6fefcda7d06eb91548eef8ee30073a9cfb6a834ac977042f6e1a761cde2d6a7973b06ddca753be91e3
  languageName: node
  linkType: hard

"@yourkitchen/models@workspace:.":
  version: 0.0.0-use.local
  resolution: "@yourkitchen/models@workspace:."
  dependencies:
    graphql: ^15.3.0
    graphql-compose: ^9.0.4
    graphql-compose-mongoose: ^9.6.0
    mongoose: 5.13.15
    typescript: ^4.5.4
  languageName: unknown
  linkType: soft

"bl@npm:^2.2.1":
  version: 2.2.1
  resolution: "bl@npm:2.2.1"
  dependencies:
    readable-stream: ^2.3.5
    safe-buffer: ^5.1.1
  checksum: 4f5d9b258919646a8d02f1731379e53b6f6309e34596ae02afbc3aeb183910bd2d0b70681f889b7c620ca48f65dc1cd0992ee1266c90d6d7c3be60688d141233
  languageName: node
  linkType: hard

"bluebird@npm:3.5.1":
  version: 3.5.1
  resolution: "bluebird@npm:3.5.1"
  checksum: 0c4b4b93c119c9631fe8987a69f4d06eee204d4e0979defd9d121ab82861bbf0d546e888b3ccf67d5aefd34bcbf5a898a353b788f00c338b390e7c303ce89cf7
  languageName: node
  linkType: hard

"bson@npm:^1.1.4":
  version: 1.1.6
  resolution: "bson@npm:1.1.6"
  checksum: 75762c9b7e0b3156cb0f38c7eb9ffcade53f0b04ac87dece9cba38f6dc570d9af91251de6a8988b294063cfaa21894c60ac9e85c34176accb3674acb092d66a7
  languageName: node
  linkType: hard

"core-util-is@npm:~1.0.0":
  version: 1.0.3
  resolution: "core-util-is@npm:1.0.3"
  checksum: 9de8597363a8e9b9952491ebe18167e3b36e7707569eed0ebf14f8bba773611376466ae34575bca8cfe3c767890c859c74056084738f09d4e4a6f902b2ad7d99
  languageName: node
  linkType: hard

"dataloader@npm:^2.0.0":
  version: 2.0.0
  resolution: "dataloader@npm:2.0.0"
  checksum: 9f10b9d2e35225b08a72435facfe40c0c124e329f43bd0fe4d67411ee667d12145f7ce63f9b74f73af8556dc6a98bae59147a5cca2171315dc1de509d4db04c0
  languageName: node
  linkType: hard

"debug@npm:3.1.0":
  version: 3.1.0
  resolution: "debug@npm:3.1.0"
  dependencies:
    ms: 2.0.0
  checksum: 0b52718ab957254a5b3ca07fc34543bc778f358620c206a08452251eb7fc193c3ea3505072acbf4350219c14e2d71ceb7bdaa0d3370aa630b50da790458d08b3
  languageName: node
  linkType: hard

"denque@npm:^1.4.1":
  version: 1.5.1
  resolution: "denque@npm:1.5.1"
  checksum: 4375ad19d5cea99f90effa82a8cecdaa10f4eb261fbcd7e47cd753ff2737f037aac8f7f4e031cc77f3966314c491c86a0d3b20c128aeee57f791b4662c45108e
  languageName: node
  linkType: hard

"graphql-compose-connection@npm:8.2.1":
  version: 8.2.1
  resolution: "graphql-compose-connection@npm:8.2.1"
  peerDependencies:
    graphql-compose: ^7.15.0 || ^8.0.0 || ^9.0.0
  checksum: 9b9d9538964262ec29aebb811f36f986ffeb0c39d2e5a0d51f69750ddb86a026869705428d70d0ab8d275e00ba9e9d5bb4de7a1b7d5431320f6ca897f1903d91
  languageName: node
  linkType: hard

"graphql-compose-mongoose@npm:^9.6.0":
  version: 9.7.0
  resolution: "graphql-compose-mongoose@npm:9.7.0"
  dependencies:
    dataloader: ^2.0.0
    graphql-compose-connection: 8.2.1
    graphql-compose-pagination: 8.3.0
  peerDependencies:
    graphql-compose: ^7.21.4 || ^8.0.0 || ^9.0.0
    mongoose: ^6.0.0 || ^5.0.0 || ^4.4.0
  checksum: a85ebc8f2336e0872ba5b43979303afdf2263c998617a2d34b781444c9efbe9455c2ba3902ed1be6b2dcf4f5cda20c35693cf56c1ce9964a378d0493ee351b86
  languageName: node
  linkType: hard

"graphql-compose-pagination@npm:8.3.0":
  version: 8.3.0
  resolution: "graphql-compose-pagination@npm:8.3.0"
  peerDependencies:
    graphql-compose: ^7.15.0 || ^8.0.0 || ^9.0.0
  checksum: e59f48a223620097a094c67535402aae4970e2c9d0e48d844c3cb3bbadaad8ad350ece2b790e4037fbaf6536880623214ecae9894d5201e8d86c4146b9e2c8ba
  languageName: node
  linkType: hard

"graphql-compose@npm:^9.0.4":
  version: 9.0.4
  resolution: "graphql-compose@npm:9.0.4"
  dependencies:
    "@types/object-path": 0.11.1
    graphql-type-json: 0.3.2
    object-path: 0.11.8
  peerDependencies:
    graphql: ^14.2.0 || ^15.0.0 || ^16.0.0
  checksum: add6c0f46a7cd123cf9d932708950371a3a937e141922545c45d8b8bae9399f5de3cd3607a67c3eb3a5bfc0f0e876d22bd4c08a0a5feb955423f35e0621dfbcb
  languageName: node
  linkType: hard

"graphql-type-json@npm:0.3.2":
  version: 0.3.2
  resolution: "graphql-type-json@npm:0.3.2"
  peerDependencies:
    graphql: ">=0.8.0"
  checksum: 41620699637a5294937bd61d6e2696edea5a1279ef3d8f4b33716a910635595435381ccd1b74c6fae62c2bc81064c62ae27d3559c8380c0f99bdfdc8ecb249b0
  languageName: node
  linkType: hard

"graphql@npm:^15.3.0":
  version: 15.8.0
  resolution: "graphql@npm:15.8.0"
  checksum: 423325271db8858428641b9aca01699283d1fe5b40ef6d4ac622569ecca927019fce8196208b91dd1d8eb8114f00263fe661d241d0eb40c10e5bfd650f86ec5e
  languageName: node
  linkType: hard

"inherits@npm:~2.0.3":
  version: 2.0.4
  resolution: "inherits@npm:2.0.4"
  checksum: 4a48a733847879d6cf6691860a6b1e3f0f4754176e4d71494c41f3475553768b10f84b5ce1d40fbd0e34e6bfbb864ee35858ad4dd2cf31e02fc4a154b724d7f1
  languageName: node
  linkType: hard

"isarray@npm:~1.0.0":
  version: 1.0.0
  resolution: "isarray@npm:1.0.0"
  checksum: f032df8e02dce8ec565cf2eb605ea939bdccea528dbcf565cdf92bfa2da9110461159d86a537388ef1acef8815a330642d7885b29010e8f7eac967c9993b65ab
  languageName: node
  linkType: hard

"kareem@npm:2.3.2":
  version: 2.3.2
  resolution: "kareem@npm:2.3.2"
  checksum: 61ee3adb273e3e999eae731119bd74e40fd01ffef585b4e47756ca29dfc939a03c6a1dd8a43f2a864e599c3716e00404d1812e685b32ec7f9c52d6cedf2f2fcb
  languageName: node
  linkType: hard

"memory-pager@npm:^1.0.2":
  version: 1.5.0
  resolution: "memory-pager@npm:1.5.0"
  checksum: d1a2e684583ef55c61cd3a49101da645b11ad57014dfc565e0b43baa9004b743f7e4ab81493d8fff2ab24e9950987cc3209c94bcc4fc8d7e30a475489a1f15e9
  languageName: node
  linkType: hard

"mongodb@npm:3.7.3":
  version: 3.7.3
  resolution: "mongodb@npm:3.7.3"
  dependencies:
    bl: ^2.2.1
    bson: ^1.1.4
    denque: ^1.4.1
    optional-require: ^1.1.8
    safe-buffer: ^5.1.2
    saslprep: ^1.0.0
  dependenciesMeta:
    saslprep:
      optional: true
  peerDependenciesMeta:
    aws4:
      optional: true
    bson-ext:
      optional: true
    kerberos:
      optional: true
    mongodb-client-encryption:
      optional: true
    mongodb-extjson:
      optional: true
    snappy:
      optional: true
  checksum: ef7690fe6ee7d1752f121b14e59b3fabfddc60ff0536babce6c945703ad0010de9e6fa7de4c91b99275c256876a72a06899ce27893aba0838c2b542088bd1044
  languageName: node
  linkType: hard

"mongoose-legacy-pluralize@npm:1.0.2":
  version: 1.0.2
  resolution: "mongoose-legacy-pluralize@npm:1.0.2"
  peerDependencies:
    mongoose: "*"
  checksum: 8312c208824b8c2d9cd60562cbc06d0da54118ca5799dfacabc1aa0f41d9ee061b2e7877019bc9cf7204bd509de88e20158b08d98d98a459d8784af69b4d9f77
  languageName: node
  linkType: hard

"mongoose@npm:5.13.15":
  version: 5.13.15
  resolution: "mongoose@npm:5.13.15"
  dependencies:
    "@types/bson": 1.x || 4.0.x
    "@types/mongodb": ^3.5.27
    bson: ^1.1.4
    kareem: 2.3.2
    mongodb: 3.7.3
    mongoose-legacy-pluralize: 1.0.2
    mpath: 0.8.4
    mquery: 3.2.5
    ms: 2.1.2
    optional-require: 1.0.x
    regexp-clone: 1.0.0
    safe-buffer: 5.2.1
    sift: 13.5.2
    sliced: 1.0.1
  checksum: 74edc47c7819b82220e44402b3607faee622dfe6ac52947e812a7a179feebc295d1f7e7802da9353f8fc1f095b1b4eed775ed2c3914ee4baa332a36cb4679e18
  languageName: node
  linkType: hard

"mpath@npm:0.8.4":
  version: 0.8.4
  resolution: "mpath@npm:0.8.4"
  checksum: 06ad1d443766626fa361b67a4eca9cd4c36a71e475e92e8a5c242dbbc9a911adac00ce971177843b48475356df609f847342548da7701a976a2ab4116135caf0
  languageName: node
  linkType: hard

"mquery@npm:3.2.5":
  version: 3.2.5
  resolution: "mquery@npm:3.2.5"
  dependencies:
    bluebird: 3.5.1
    debug: 3.1.0
    regexp-clone: ^1.0.0
    safe-buffer: 5.1.2
    sliced: 1.0.1
  checksum: 3f8c80c36118e144148a3a41015a3a218e45bddabb33ba2630b50f50c31acf3c4e9f6c0ca11fa07e955a0fe11941d17ac8f03356d3e4eb0452034469d8dd1856
  languageName: node
  linkType: hard

"ms@npm:2.0.0":
  version: 2.0.0
  resolution: "ms@npm:2.0.0"
  checksum: 0e6a22b8b746d2e0b65a430519934fefd41b6db0682e3477c10f60c76e947c4c0ad06f63ffdf1d78d335f83edee8c0aa928aa66a36c7cd95b69b26f468d527f4
  languageName: node
  linkType: hard

"ms@npm:2.1.2":
  version: 2.1.2
  resolution: "ms@npm:2.1.2"
  checksum: 673cdb2c3133eb050c745908d8ce632ed2c02d85640e2edb3ace856a2266a813b30c613569bf3354fdf4ea7d1a1494add3bfa95e2713baa27d0c2c71fc44f58f
  languageName: node
  linkType: hard

"object-path@npm:0.11.8":
  version: 0.11.8
  resolution: "object-path@npm:0.11.8"
  checksum: 684ccf0fb6b82f067dc81e2763481606692b8485bec03eb2a64e086a44dbea122b2b9ef44423a08e09041348fe4b4b67bd59985598f1652f67df95f0618f5968
  languageName: node
  linkType: hard

"optional-require@npm:1.0.x":
  version: 1.0.3
  resolution: "optional-require@npm:1.0.3"
  checksum: 113d376ee2a130afbca1610c17f25f4d1d7c7e42029f3b4d56334ee5408fec2c3fe31617abdb699025cced274d75fd6f0b2ed5eb49bec47acabeecc3feb76f19
  languageName: node
  linkType: hard

"optional-require@npm:^1.1.8":
  version: 1.1.8
  resolution: "optional-require@npm:1.1.8"
  dependencies:
    require-at: ^1.0.6
  checksum: 437db76f713052925185ae80837b593877f75101154e8937f50d33b0b07bd500c214efc9016748642109b6e3e1197eb0513a2963eb06bcf3890f88a2724b1c87
  languageName: node
  linkType: hard

"process-nextick-args@npm:~2.0.0":
  version: 2.0.1
  resolution: "process-nextick-args@npm:2.0.1"
  checksum: 1d38588e520dab7cea67cbbe2efdd86a10cc7a074c09657635e34f035277b59fbb57d09d8638346bf7090f8e8ebc070c96fa5fd183b777fff4f5edff5e9466cf
  languageName: node
  linkType: hard

"readable-stream@npm:^2.3.5":
  version: 2.3.7
  resolution: "readable-stream@npm:2.3.7"
  dependencies:
    core-util-is: ~1.0.0
    inherits: ~2.0.3
    isarray: ~1.0.0
    process-nextick-args: ~2.0.0
    safe-buffer: ~5.1.1
    string_decoder: ~1.1.1
    util-deprecate: ~1.0.1
  checksum: e4920cf7549a60f8aaf694d483a0e61b2a878b969d224f89b3bc788b8d920075132c4b55a7494ee944c7b6a9a0eada28a7f6220d80b0312ece70bbf08eeca755
  languageName: node
  linkType: hard

"regexp-clone@npm:1.0.0, regexp-clone@npm:^1.0.0":
  version: 1.0.0
  resolution: "regexp-clone@npm:1.0.0"
  checksum: ca4960bbdc4237c84813b12aed351606be7db60a8c8867ef46b44f00eec4e83f51b31de34e294900517db9d7a39636117af80916f6ce7dc45ea00cae3c6d6fc3
  languageName: node
  linkType: hard

"require-at@npm:^1.0.6":
  version: 1.0.6
  resolution: "require-at@npm:1.0.6"
  checksum: 7753a6ebad99855ef015d5533a787c65e883c94c23371368eebf6f1c7e2a078811013b204823152cbab206a00e825e8e5ca09416fd835a489fa30bf064fbe6d9
  languageName: node
  linkType: hard

"safe-buffer@npm:5.1.2, safe-buffer@npm:~5.1.0, safe-buffer@npm:~5.1.1":
  version: 5.1.2
  resolution: "safe-buffer@npm:5.1.2"
  checksum: f2f1f7943ca44a594893a852894055cf619c1fbcb611237fc39e461ae751187e7baf4dc391a72125e0ac4fb2d8c5c0b3c71529622e6a58f46b960211e704903c
  languageName: node
  linkType: hard

"safe-buffer@npm:5.2.1, safe-buffer@npm:^5.1.1, safe-buffer@npm:^5.1.2":
  version: 5.2.1
  resolution: "safe-buffer@npm:5.2.1"
  checksum: b99c4b41fdd67a6aaf280fcd05e9ffb0813654894223afb78a31f14a19ad220bba8aba1cb14eddce1fcfb037155fe6de4e861784eb434f7d11ed58d1e70dd491
  languageName: node
  linkType: hard

"saslprep@npm:^1.0.0":
  version: 1.0.3
  resolution: "saslprep@npm:1.0.3"
  dependencies:
    sparse-bitfield: ^3.0.3
  checksum: 4fdc0b70fb5e523f977de405e12cca111f1f10dd68a0cfae0ca52c1a7919a94d1556598ba2d35f447655c3b32879846c77f9274c90806f6673248ae3cea6ee43
  languageName: node
  linkType: hard

"sift@npm:13.5.2":
  version: 13.5.2
  resolution: "sift@npm:13.5.2"
  checksum: 31951836c464b995b25f888876dea9c58c7a3eaa419d2ed271776d55db2d1019c6438ee458047d3c16bc93f0a329366dc535dc3a6afc42038949dc2a6a548f61
  languageName: node
  linkType: hard

"sliced@npm:1.0.1":
  version: 1.0.1
  resolution: "sliced@npm:1.0.1"
  checksum: 84528d23279985ead75809eeec5d601b0fb6bc28348c6627f4feb40747533a1e36a75e8bc60f9079528079b21c434890b397e8fc5c24a649165cc0bbe90b4d70
  languageName: node
  linkType: hard

"sparse-bitfield@npm:^3.0.3":
  version: 3.0.3
  resolution: "sparse-bitfield@npm:3.0.3"
  dependencies:
    memory-pager: ^1.0.2
  checksum: 174da88dbbcc783d5dbd26921931cc83830280b8055fb05333786ebe6fc015b9601b24972b3d55920dd2d9f5fb120576fbfa2469b08e5222c9cadf3f05210aab
  languageName: node
  linkType: hard

"string_decoder@npm:~1.1.1":
  version: 1.1.1
  resolution: "string_decoder@npm:1.1.1"
  dependencies:
    safe-buffer: ~5.1.0
  checksum: 9ab7e56f9d60a28f2be697419917c50cac19f3e8e6c28ef26ed5f4852289fe0de5d6997d29becf59028556f2c62983790c1d9ba1e2a3cc401768ca12d5183a5b
  languageName: node
  linkType: hard

"typescript@npm:^4.5.4":
  version: 4.5.4
  resolution: "typescript@npm:4.5.4"
  bin:
    tsc: bin/tsc
    tsserver: bin/tsserver
  checksum: 59f3243f9cd6fe3161e6150ff6bf795fc843b4234a655dbd938a310515e0d61afd1ac942799e7415e4334255e41c2c49b7dd5d9fd38a17acd25a6779ca7e0961
  languageName: node
  linkType: hard

"typescript@patch:typescript@^4.5.4#~builtin<compat/typescript>":
  version: 4.5.4
  resolution: "typescript@patch:typescript@npm%3A4.5.4#~builtin<compat/typescript>::version=4.5.4&hash=493e53"
  bin:
    tsc: bin/tsc
    tsserver: bin/tsserver
  checksum: 2e488dde7d2c4a2fa2e79cf2470600f8ce81bc0563c276b72df8ff412d74456ae532ba824650ae936ce207440c79720ddcfaa25e3cb4477572b8534fa4e34d49
  languageName: node
  linkType: hard

"util-deprecate@npm:~1.0.1":
  version: 1.0.2
  resolution: "util-deprecate@npm:1.0.2"
  checksum: 474acf1146cb2701fe3b074892217553dfcf9a031280919ba1b8d651a068c9b15d863b7303cb15bd00a862b498e6cf4ad7b4a08fb134edd5a6f7641681cb54a2
  languageName: node
  linkType: hard
